// !$*UTF8*$!
{
	archiveVersion = 1;
	classes = {
	};
	objectVersion = 56;
	objects = {

/* Begin PBXBuildFile section */
		A10000000000000000000001 /* MMGIOSApp.swift in Sources */ = {isa = PBXBuildFile; fileRef = A20000000000000000000001 /* MMGIOSApp.swift */; };
		A10000000000000000000002 /* AppRootView.swift in Sources */ = {isa = PBXBuildFile; fileRef = A20000000000000000000002 /* AppRootView.swift */; };
		A10000000000000000000003 /* AppTheme.swift in Sources */ = {isa = PBXBuildFile; fileRef = A20000000000000000000003 /* AppTheme.swift */; };
		A10000000000000000000004 /* CommandCenter.swift in Sources */ = {isa = PBXBuildFile; fileRef = A20000000000000000000004 /* CommandCenter.swift */; };
		A10000000000000000000005 /* MetricCard.swift in Sources */ = {isa = PBXBuildFile; fileRef = A20000000000000000000005 /* MetricCard.swift */; };
		A10000000000000000000006 /* CommandCenterView.swift in Sources */ = {isa = PBXBuildFile; fileRef = A20000000000000000000006 /* CommandCenterView.swift */; };
		A10000000000000000000007 /* AdminOperationsView.swift in Sources */ = {isa = PBXBuildFile; fileRef = A20000000000000000000007 /* AdminOperationsView.swift */; };
		A10000000000000000000008 /* ProductionCommandCenterView.swift in Sources */ = {isa = PBXBuildFile; fileRef = A20000000000000000000008 /* ProductionCommandCenterView.swift */; };
		A10000000000000000000009 /* GrowthMarketingView.swift in Sources */ = {isa = PBXBuildFile; fileRef = A20000000000000000000009 /* GrowthMarketingView.swift */; };
		A1000000000000000000000A /* SystemSettingsView.swift in Sources */ = {isa = PBXBuildFile; fileRef = A2000000000000000000000A /* SystemSettingsView.swift */; };
		A1000000000000000000000B /* Assets.xcassets in Resources */ = {isa = PBXBuildFile; fileRef = A2000000000000000000000B /* Assets.xcassets */; };
		A1000000000000000000000C /* CommandCenterRuntimeSummaryView.swift in Sources */ = {isa = PBXBuildFile; fileRef = A2000000000000000000000D /* CommandCenterRuntimeSummaryView.swift */; };
		A1000000000000000000000D /* DesignStudioProjectFactory.swift in Sources */ = {isa = PBXBuildFile; fileRef = A2000000000000000000000E /* DesignStudioProjectFactory.swift */; };
		A1000000000000000000000E /* DesignStudioProjectRecord.swift in Sources */ = {isa = PBXBuildFile; fileRef = A2000000000000000000000F /* DesignStudioProjectRecord.swift */; };
		A1000000000000000000000F /* DesignStudioWorkflowView.swift in Sources */ = {isa = PBXBuildFile; fileRef = A20000000000000000000010 /* DesignStudioWorkflowView.swift */; };
		A10000000000000000000010 /* KnowledgeVaultRecord.swift in Sources */ = {isa = PBXBuildFile; fileRef = A20000000000000000000011 /* KnowledgeVaultRecord.swift */; };
		A10000000000000000000011 /* ProductionQueueEnums.swift in Sources */ = {isa = PBXBuildFile; fileRef = A20000000000000000000012 /* ProductionQueueEnums.swift */; };
		A10000000000000000000012 /* ProductionQueueRecord.swift in Sources */ = {isa = PBXBuildFile; fileRef = A20000000000000000000013 /* ProductionQueueRecord.swift */; };
		A10000000000000000000013 /* ProductionQueueService.swift in Sources */ = {isa = PBXBuildFile; fileRef = A20000000000000000000014 /* ProductionQueueService.swift */; };
		A10000000000000000000014 /* TaskDependencyRecord.swift in Sources */ = {isa = PBXBuildFile; fileRef = A20000000000000000000015 /* TaskDependencyRecord.swift */; };
		A10000000000000000000015 /* TaskEnums.swift in Sources */ = {isa = PBXBuildFile; fileRef = A20000000000000000000016 /* TaskEnums.swift */; };
		A10000000000000000000016 /* TaskRecord.swift in Sources */ = {isa = PBXBuildFile; fileRef = A20000000000000000000017 /* TaskRecord.swift */; };
		A10000000000000000000017 /* TaskRuntimeService.swift in Sources */ = {isa = PBXBuildFile; fileRef = A20000000000000000000018 /* TaskRuntimeService.swift */; };
		A10000000000000000000018 /* WorkflowEnums.swift in Sources */ = {isa = PBXBuildFile; fileRef = A20000000000000000000019 /* WorkflowEnums.swift */; };
		A10000000000000000000019 /* WorkflowRecord.swift in Sources */ = {isa = PBXBuildFile; fileRef = A2000000000000000000001A /* WorkflowRecord.swift */; };
		A1000000000000000000001A /* WorkflowRuntimeDashboardView.swift in Sources */ = {isa = PBXBuildFile; fileRef = A2000000000000000000001B /* WorkflowRuntimeDashboardView.swift */; };
		A1000000000000000000001B /* WorkflowRuntimeService.swift in Sources */ = {isa = PBXBuildFile; fileRef = A2000000000000000000001C /* WorkflowRuntimeService.swift */; };
		A1000000000000000000001C /* WorkflowStagePolicy.swift in Sources */ = {isa = PBXBuildFile; fileRef = A2000000000000000000001D /* WorkflowStagePolicy.swift */; };
		A1000000000000000000001D /* WorkflowStageProgress.swift in Sources */ = {isa = PBXBuildFile; fileRef = A2000000000000000000001E /* WorkflowStageProgress.swift */; };
		A1000000000000000000001E /* WorkflowTransitionRecord.swift in Sources */ = {isa = PBXBuildFile; fileRef = A2000000000000000000001F /* WorkflowTransitionRecord.swift */; };
/* End PBXBuildFile section */

/* Begin PBXFileReference section */
		A20000000000000000000000 /* MMGIOS.app */ = {isa = PBXFileReference; explicitFileType = wrapper.application; includeInIndex = 0; path = MMGIOS.app; sourceTree = BUILT_PRODUCTS_DIR; };
		A20000000000000000000001 /* MMGIOSApp.swift */ = {isa = PBXFileReference; lastKnownFileType = sourcecode.swift; path = App/MMGIOSApp.swift; sourceTree = "<group>"; };
		A20000000000000000000002 /* AppRootView.swift */ = {isa = PBXFileReference; lastKnownFileType = sourcecode.swift; path = App/AppRootView.swift; sourceTree = "<group>"; };
		A20000000000000000000003 /* AppTheme.swift */ = {isa = PBXFileReference; lastKnownFileType = sourcecode.swift; path = Config/AppTheme.swift; sourceTree = "<group>"; };
		A20000000000000000000004 /* CommandCenter.swift */ = {isa = PBXFileReference; lastKnownFileType = sourcecode.swift; path = Domain/CommandCenter.swift; sourceTree = "<group>"; };
		A20000000000000000000005 /* MetricCard.swift */ = {isa = PBXFileReference; lastKnownFileType = sourcecode.swift; path = Shared/Components/MetricCard.swift; sourceTree = "<group>"; };
		A20000000000000000000006 /* CommandCenterView.swift */ = {isa = PBXFileReference; lastKnownFileType = sourcecode.swift; path = Features/Dashboard/CommandCenterView.swift; sourceTree = "<group>"; };
		A20000000000000000000007 /* AdminOperationsView.swift */ = {isa = PBXFileReference; lastKnownFileType = sourcecode.swift; path = Features/Admin/AdminOperationsView.swift; sourceTree = "<group>"; };
		A20000000000000000000008 /* ProductionCommandCenterView.swift */ = {isa = PBXFileReference; lastKnownFileType = sourcecode.swift; path = Features/Production/ProductionCommandCenterView.swift; sourceTree = "<group>"; };
		A20000000000000000000009 /* GrowthMarketingView.swift */ = {isa = PBXFileReference; lastKnownFileType = sourcecode.swift; path = Features/Growth/GrowthMarketingView.swift; sourceTree = "<group>"; };
		A2000000000000000000000A /* SystemSettingsView.swift */ = {isa = PBXFileReference; lastKnownFileType = sourcecode.swift; path = Features/Settings/SystemSettingsView.swift; sourceTree = "<group>"; };
		A2000000000000000000000B /* Assets.xcassets */ = {isa = PBXFileReference; lastKnownFileType = folder.assetcatalog; path = Resources/Assets.xcassets; sourceTree = "<group>"; };
		A2000000000000000000000C /* Info.plist */ = {isa = PBXFileReference; lastKnownFileType = text.plist.xml; path = Resources/Info.plist; sourceTree = "<group>"; };
		A2000000000000000000000D /* CommandCenterRuntimeSummaryView.swift */ = {isa = PBXFileReference; lastKnownFileType = sourcecode.swift; path = Features/CommandCenter/CommandCenterRuntimeSummaryView.swift; sourceTree = "<group>"; };
		A2000000000000000000000E /* DesignStudioProjectFactory.swift */ = {isa = PBXFileReference; lastKnownFileType = sourcecode.swift; path = Features/DesignStudio/DesignStudioProjectFactory.swift; sourceTree = "<group>"; };
		A2000000000000000000000F /* DesignStudioProjectRecord.swift */ = {isa = PBXFileReference; lastKnownFileType = sourcecode.swift; path = Features/DesignStudio/DesignStudioProjectRecord.swift; sourceTree = "<group>"; };
		A20000000000000000000010 /* DesignStudioWorkflowView.swift */ = {isa = PBXFileReference; lastKnownFileType = sourcecode.swift; path = Features/DesignStudio/DesignStudioWorkflowView.swift; sourceTree = "<group>"; };
		A20000000000000000000011 /* KnowledgeVaultRecord.swift */ = {isa = PBXFileReference; lastKnownFileType = sourcecode.swift; path = Features/KnowledgeVault/KnowledgeVaultRecord.swift; sourceTree = "<group>"; };
		A20000000000000000000012 /* ProductionQueueEnums.swift */ = {isa = PBXFileReference; lastKnownFileType = sourcecode.swift; path = Features/ProductionQueue/ProductionQueueEnums.swift; sourceTree = "<group>"; };
		A20000000000000000000013 /* ProductionQueueRecord.swift */ = {isa = PBXFileReference; lastKnownFileType = sourcecode.swift; path = Features/ProductionQueue/ProductionQueueRecord.swift; sourceTree = "<group>"; };
		A20000000000000000000014 /* ProductionQueueService.swift */ = {isa = PBXFileReference; lastKnownFileType = sourcecode.swift; path = Features/ProductionQueue/ProductionQueueService.swift; sourceTree = "<group>"; };
		A20000000000000000000015 /* TaskDependencyRecord.swift */ = {isa = PBXFileReference; lastKnownFileType = sourcecode.swift; path = Features/TaskEngine/TaskDependencyRecord.swift; sourceTree = "<group>"; };
		A20000000000000000000016 /* TaskEnums.swift */ = {isa = PBXFileReference; lastKnownFileType = sourcecode.swift; path = Features/TaskEngine/TaskEnums.swift; sourceTree = "<group>"; };
		A20000000000000000000017 /* TaskRecord.swift */ = {isa = PBXFileReference; lastKnownFileType = sourcecode.swift; path = Features/TaskEngine/TaskRecord.swift; sourceTree = "<group>"; };
		A20000000000000000000018 /* TaskRuntimeService.swift */ = {isa = PBXFileReference; lastKnownFileType = sourcecode.swift; path = Features/TaskEngine/TaskRuntimeService.swift; sourceTree = "<group>"; };
		A20000000000000000000019 /* WorkflowEnums.swift */ = {isa = PBXFileReference; lastKnownFileType = sourcecode.swift; path = Features/WorkflowRuntime/WorkflowEnums.swift; sourceTree = "<group>"; };
		A2000000000000000000001A /* WorkflowRecord.swift */ = {isa = PBXFileReference; lastKnownFileType = sourcecode.swift; path = Features/WorkflowRuntime/WorkflowRecord.swift; sourceTree = "<group>"; };
		A2000000000000000000001B /* WorkflowRuntimeDashboardView.swift */ = {isa = PBXFileReference; lastKnownFileType = sourcecode.swift; path = Features/WorkflowRuntime/WorkflowRuntimeDashboardView.swift; sourceTree = "<group>"; };
		A2000000000000000000001C /* WorkflowRuntimeService.swift */ = {isa = PBXFileReference; lastKnownFileType = sourcecode.swift; path = Features/WorkflowRuntime/WorkflowRuntimeService.swift; sourceTree = "<group>"; };
		A2000000000000000000001D /* WorkflowStagePolicy.swift */ = {isa = PBXFileReference; lastKnownFileType = sourcecode.swift; path = Features/WorkflowRuntime/WorkflowStagePolicy.swift; sourceTree = "<group>"; };
		A2000000000000000000001E /* WorkflowStageProgress.swift */ = {isa = PBXFileReference; lastKnownFileType = sourcecode.swift; path = Features/WorkflowRuntime/WorkflowStageProgress.swift; sourceTree = "<group>"; };
		A2000000000000000000001F /* WorkflowTransitionRecord.swift */ = {isa = PBXFileReference; lastKnownFileType = sourcecode.swift; path = Features/WorkflowRuntime/WorkflowTransitionRecord.swift; sourceTree = "<group>"; };
/* End PBXFileReference section */

/* Begin PBXFrameworksBuildPhase section */
		A30000000000000000000001 /* Frameworks */ = {
			isa = PBXFrameworksBuildPhase;
			buildActionMask = 2147483647;
			files = (
			);
			runOnlyForDeploymentPostprocessing = 0;
		};
/* End PBXFrameworksBuildPhase section */

/* Begin PBXGroup section */
		A40000000000000000000001 = {
			isa = PBXGroup;
			children = (
				A40000000000000000000002 /* MMGIOS */,
				A40000000000000000000003 /* Products */,
			);
			sourceTree = "<group>";
		};
		A40000000000000000000002 /* MMGIOS */ = {
			isa = PBXGroup;
			children = (
				A20000000000000000000001 /* MMGIOSApp.swift */,
				A20000000000000000000002 /* AppRootView.swift */,
				A20000000000000000000003 /* AppTheme.swift */,
				A20000000000000000000004 /* CommandCenter.swift */,
				A20000000000000000000005 /* MetricCard.swift */,
				A20000000000000000000006 /* CommandCenterView.swift */,
				A20000000000000000000007 /* AdminOperationsView.swift */,
				A20000000000000000000008 /* ProductionCommandCenterView.swift */,
				A20000000000000000000009 /* GrowthMarketingView.swift */,
				A2000000000000000000000A /* SystemSettingsView.swift */,
				A2000000000000000000000D /* CommandCenterRuntimeSummaryView.swift */,
				A2000000000000000000000E /* DesignStudioProjectFactory.swift */,
				A2000000000000000000000F /* DesignStudioProjectRecord.swift */,
				A20000000000000000000010 /* DesignStudioWorkflowView.swift */,
				A20000000000000000000011 /* KnowledgeVaultRecord.swift */,
				A20000000000000000000012 /* ProductionQueueEnums.swift */,
				A20000000000000000000013 /* ProductionQueueRecord.swift */,
				A20000000000000000000014 /* ProductionQueueService.swift */,
				A20000000000000000000015 /* TaskDependencyRecord.swift */,
				A20000000000000000000016 /* TaskEnums.swift */,
				A20000000000000000000017 /* TaskRecord.swift */,
				A20000000000000000000018 /* TaskRuntimeService.swift */,
				A20000000000000000000019 /* WorkflowEnums.swift */,
				A2000000000000000000001A /* WorkflowRecord.swift */,
				A2000000000000000000001B /* WorkflowRuntimeDashboardView.swift */,
				A2000000000000000000001C /* WorkflowRuntimeService.swift */,
				A2000000000000000000001D /* WorkflowStagePolicy.swift */,
				A2000000000000000000001E /* WorkflowStageProgress.swift */,
				A2000000000000000000001F /* WorkflowTransitionRecord.swift */,
				A2000000000000000000000B /* Assets.xcassets */,
				A2000000000000000000000C /* Info.plist */,
			);
			path = MMGIOS;
			sourceTree = "<group>";
		};
		A40000000000000000000003 /* Products */ = {
			isa = PBXGroup;
			children = (
				A20000000000000000000000 /* MMGIOS.app */,
			);
			name = Products;
			sourceTree = "<group>";
		};
/* End PBXGroup section */

/* Begin PBXNativeTarget section */
		A50000000000000000000001 /* MMGIOS */ = {
			isa = PBXNativeTarget;
			buildConfigurationList = A90000000000000000000002 /* Build configuration list for PBXNativeTarget "MMGIOS" */;
			buildPhases = (
				A60000000000000000000001 /* Sources */,
				A30000000000000000000001 /* Frameworks */,
				A60000000000000000000002 /* Resources */,
			);
			buildRules = (
			);
			dependencies = (
			);
			name = MMGIOS;
			productName = MMGIOS;
			productReference = A20000000000000000000000 /* MMGIOS.app */;
			productType = "com.apple.product-type.application";
		};
/* End PBXNativeTarget section */

/* Begin PBXProject section */
		A70000000000000000000001 /* Project object */ = {
			isa = PBXProject;
			attributes = {
				BuildIndependentTargetsInParallel = 1;
				LastSwiftUpdateCheck = 1500;
				LastUpgradeCheck = 1500;
				TargetAttributes = {
					A50000000000000000000001 = {
						CreatedOnToolsVersion = 15.0;
					};
				};
			};
			buildConfigurationList = A90000000000000000000001 /* Build configuration list for PBXProject "MMGIOS" */;
			compatibilityVersion = "Xcode 14.0";
			developmentRegion = en;
			hasScannedForEncodings = 0;
			knownRegions = (
				en,
				Base,
			);
			mainGroup = A40000000000000000000001;
			productRefGroup = A40000000000000000000003 /* Products */;
			projectDirPath = "";
			projectRoot = "";
			targets = (
				A50000000000000000000001 /* MMGIOS */,
			);
		};
/* End PBXProject section */

/* Begin PBXResourcesBuildPhase section */
		A60000000000000000000002 /* Resources */ = {
			isa = PBXResourcesBuildPhase;
			buildActionMask = 2147483647;
			files = (
				A1000000000000000000000B /* Assets.xcassets in Resources */,
			);
			runOnlyForDeploymentPostprocessing = 0;
		};
/* End PBXResourcesBuildPhase section */

/* Begin PBXSourcesBuildPhase section */
		A60000000000000000000001 /* Sources */ = {
			isa = PBXSourcesBuildPhase;
			buildActionMask = 2147483647;
			files = (
				A10000000000000000000001 /* MMGIOSApp.swift in Sources */,
				A10000000000000000000002 /* AppRootView.swift in Sources */,
				A10000000000000000000003 /* AppTheme.swift in Sources */,
				A1000000000000000000000C /* CommandCenterRuntimeSummaryView.swift in Sources */,
				A1000000000000000000000D /* DesignStudioProjectFactory.swift in Sources */,
				A1000000000000000000000E /* DesignStudioProjectRecord.swift in Sources */,
				A1000000000000000000000F /* DesignStudioWorkflowView.swift in Sources */,
				A10000000000000000000010 /* KnowledgeVaultRecord.swift in Sources */,
				A10000000000000000000011 /* ProductionQueueEnums.swift in Sources */,
				A10000000000000000000012 /* ProductionQueueRecord.swift in Sources */,
				A10000000000000000000013 /* ProductionQueueService.swift in Sources */,
				A10000000000000000000014 /* TaskDependencyRecord.swift in Sources */,
				A10000000000000000000015 /* TaskEnums.swift in Sources */,
				A10000000000000000000016 /* TaskRecord.swift in Sources */,
				A10000000000000000000017 /* TaskRuntimeService.swift in Sources */,
				A10000000000000000000018 /* WorkflowEnums.swift in Sources */,
				A10000000000000000000019 /* WorkflowRecord.swift in Sources */,
				A1000000000000000000001A /* WorkflowRuntimeDashboardView.swift in Sources */,
				A1000000000000000000001B /* WorkflowRuntimeService.swift in Sources */,
				A1000000000000000000001C /* WorkflowStagePolicy.swift in Sources */,
				A1000000000000000000001D /* WorkflowStageProgress.swift in Sources */,
				A1000000000000000000001E /* WorkflowTransitionRecord.swift in Sources */,
			);
			runOnlyForDeploymentPostprocessing = 0;
		};
/* End PBXSourcesBuildPhase section */

/* Begin XCBuildConfiguration section */
		A80000000000000000000001 /* Debug */ = {
			isa = XCBuildConfiguration;
			buildSettings = {
				ALWAYS_SEARCH_USER_PATHS = NO;
				CLANG_ENABLE_MODULES = YES;
				COPY_PHASE_STRIP = NO;
				DEBUG_INFORMATION_FORMAT = dwarf;
				ENABLE_TESTABILITY = YES;
				GCC_NO_COMMON_BLOCKS = YES;
				GCC_OPTIMIZATION_LEVEL = 0;
				GCC_PREPROCESSOR_DEFINITIONS = (
					"DEBUG=1",
					"$(inherited)",
				);
				IPHONEOS_DEPLOYMENT_TARGET = 17.0;
				ONLY_ACTIVE_ARCH = YES;
				SDKROOT = iphoneos;
				SUPPORTED_PLATFORMS = "iphoneos iphonesimulator";
				SWIFT_ACTIVE_COMPILATION_CONDITIONS = DEBUG;
				SWIFT_OPTIMIZATION_LEVEL = "-Onone";
			};
			name = Debug;
		};
		A80000000000000000000002 /* Release */ = {
			isa = XCBuildConfiguration;
			buildSettings = {
				ALWAYS_SEARCH_USER_PATHS = NO;
				CLANG_ENABLE_MODULES = YES;
				COPY_PHASE_STRIP = NO;
				DEBUG_INFORMATION_FORMAT = "dwarf-with-dsym";
				ENABLE_NS_ASSERTIONS = NO;
				GCC_NO_COMMON_BLOCKS = YES;
				IPHONEOS_DEPLOYMENT_TARGET = 17.0;
				SDKROOT = iphoneos;
				SUPPORTED_PLATFORMS = "iphoneos iphonesimulator";
				SWIFT_COMPILATION_MODE = wholemodule;
				SWIFT_OPTIMIZATION_LEVEL = "-O";
				VALIDATE_PRODUCT = YES;
			};
			name = Release;
		};
		A80000000000000000000003 /* Debug */ = {
			isa = XCBuildConfiguration;
			buildSettings = {
				CODE_SIGN_STYLE = Automatic;
				CURRENT_PROJECT_VERSION = 1;
				DEVELOPMENT_ASSET_PATHS = "";
				DEVELOPMENT_TEAM = "";
				GENERATE_INFOPLIST_FILE = NO;
				INFOPLIST_FILE = MMGIOS/Resources/Info.plist;
				IPHONEOS_DEPLOYMENT_TARGET = 17.0;
				MARKETING_VERSION = 1.0;
				PRODUCT_BUNDLE_IDENTIFIER = com.mindsetmediagroup.mmgios;
				PRODUCT_NAME = "$(TARGET_NAME)";
				SDKROOT = iphoneos;
				SUPPORTED_PLATFORMS = "iphoneos iphonesimulator";
				SUPPORTS_MACCATALYST = NO;
				SUPPORTS_MAC_DESIGNED_FOR_IPHONE_IPAD = NO;
				SWIFT_EMIT_LOC_STRINGS = YES;
				SWIFT_VERSION = 5.0;
				TARGETED_DEVICE_FAMILY = "1,2";
			};
			name = Debug;
		};
		A80000000000000000000004 /* Release */ = {
			isa = XCBuildConfiguration;
			buildSettings = {
				CODE_SIGN_STYLE = Automatic;
				CURRENT_PROJECT_VERSION = 1;
				DEVELOPMENT_ASSET_PATHS = "";
				DEVELOPMENT_TEAM = "";
				GENERATE_INFOPLIST_FILE = NO;
				INFOPLIST_FILE = MMGIOS/Resources/Info.plist;
				IPHONEOS_DEPLOYMENT_TARGET = 17.0;
				MARKETING_VERSION = 1.0;
				PRODUCT_BUNDLE_IDENTIFIER = com.mindsetmediagroup.mmgios;
				PRODUCT_NAME = "$(TARGET_NAME)";
				SDKROOT = iphoneos;
				SUPPORTED_PLATFORMS = "iphoneos iphonesimulator";
				SUPPORTS_MACCATALYST = NO;
				SUPPORTS_MAC_DESIGNED_FOR_IPHONE_IPAD = NO;
				SWIFT_EMIT_LOC_STRINGS = YES;
				SWIFT_VERSION = 5.0;
				TARGETED_DEVICE_FAMILY = "1,2";
			};
			name = Release;
		};
/* End XCBuildConfiguration section */

/* Begin XCConfigurationList section */
		A90000000000000000000001 /* Build configuration list for PBXProject "MMGIOS" */ = {
			isa = XCConfigurationList;
			buildConfigurations = (
				A80000000000000000000001 /* Debug */,
				A80000000000000000000002 /* Release */,
			);
			defaultConfigurationIsVisible = 0;
			defaultConfigurationName = Release;
		};
		A90000000000000000000002 /* Build configuration list for PBXNativeTarget "MMGIOS" */ = {
			isa = XCConfigurationList;
			buildConfigurations = (
				A80000000000000000000003 /* Debug */,
				A80000000000000000000004 /* Release */,
			);
			defaultConfigurationIsVisible = 0;
			defaultConfigurationName = Release;
		};
/* End XCConfigurationList section */
	};
	rootObject = A70000000000000000000001 /* Project object */;
}
